
Microsoft Visual Studio Solution File, Format Version 12.00
# Visual Studio Version 17
VisualStudioVersion = 17.0.31919.166
MinimumVisualStudioVersion = 10.0.40219.1
Project("{9A19103F-16F7-4668-BE54-9A1E7A4F7556}") = "Task1_Ternary", "Homework1\Task1_Ternary.csproj", "{A03EF86F-0300-43DB-9911-710EFBE7C4E1}"
EndProject
Project("{FAE04EC0-301F-11D3-BF4B-00C04F79EFBC}") = "Task1_Matrix", "Task1_Matrix\Task1_Matrix.csproj", "{53084E13-213A-4C27-9439-04502409E0F7}"
EndProject
Project("{FAE04EC0-301F-11D3-BF4B-00C04F79EFBC}") = "Task2_TMS", "Task2_TMS\Task2_TMS.csproj", "{F252AA08-43A4-4022-ABA8-B29663B9AC33}"
EndProject
Global
	GlobalSection(SolutionConfigurationPlatforms) = preSolution
		Debug|Any CPU = Debug|Any CPU
		Release|Any CPU = Release|Any CPU
	EndGlobalSection
	GlobalSection(ProjectConfigurationPlatforms) = postSolution
		{A03EF86F-0300-43DB-9911-710EFBE7C4E1}.Debug|Any CPU.ActiveCfg = Debug|Any CPU
		{A03EF86F-0300-43DB-9911-710EFBE7C4E1}.Debug|Any CPU.Build.0 = Debug|Any CPU
		{A03EF86F-0300-43DB-9911-710EFBE7C4E1}.Release|Any CPU.ActiveCfg = Release|Any CPU
		{A03EF86F-0300-43DB-9911-710EFBE7C4E1}.Release|Any CPU.Build.0 = Release|Any CPU
		{53084E13-213A-4C27-9439-04502409E0F7}.Debug|Any CPU.ActiveCfg = Debug|Any CPU
		{53084E13-213A-4C27-9439-04502409E0F7}.Debug|Any CPU.Build.0 = Debug|Any CPU
		{53084E13-213A-4C27-9439-04502409E0F7}.Release|Any CPU.ActiveCfg = Release|Any CPU
		{53084E13-213A-4C27-9439-04502409E0F7}.Release|Any CPU.Build.0 = Release|Any CPU
		{F252AA08-43A4-4022-ABA8-B29663B9AC33}.Debug|Any CPU.ActiveCfg = Debug|Any CPU
		{F252AA08-43A4-4022-ABA8-B29663B9AC33}.Debug|Any CPU.Build.0 = Debug|Any CPU
		{F252AA08-43A4-4022-ABA8-B29663B9AC33}.Release|Any CPU.ActiveCfg = Release|Any CPU
		{F252AA08-43A4-4022-ABA8-B29663B9AC33}.Release|Any CPU.Build.0 = Release|Any CPU
	EndGlobalSection
	GlobalSection(SolutionProperties) = preSolution
		HideSolutionNode = FALSE
	EndGlobalSection
	GlobalSection(ExtensibilityGlobals) = postSolution
		SolutionGuid = {343085E5-8913-43A0-A1FE-4A623BDEF3D5}
	EndGlobalSection
EndGlobal
